
Microsoft Visual Studio Solution File, Format Version 12.00
# Visual Studio Version 17
VisualStudioVersion = 17.11.35312.102
MinimumVisualStudioVersion = 10.0.40219.1
Project("{FAE04EC0-301F-11D3-BF4B-00C04F79EFBC}") = "BUS", "BUS.csproj", "{0EE337E2-33D9-4485-850E-4DE0E8AF998A}"
EndProject
Project("{FAE04EC0-301F-11D3-BF4B-00C04F79EFBC}") = "GUI", "..\GUI\GUI.csproj", "{5FA7FE4F-F106-4E6B-B5BC-6E111B832431}"
EndProject
Project("{FAE04EC0-301F-11D3-BF4B-00C04F79EFBC}") = "DAL", "..\DAL\DAL.csproj", "{73FC9122-728C-4D75-A9BF-159765183338}"
EndProject
Global
	GlobalSection(SolutionConfigurationPlatforms) = preSolution
		Debug|Any CPU = Debug|Any CPU
		Release|Any CPU = Release|Any CPU
	EndGlobalSection
	GlobalSection(ProjectConfigurationPlatforms) = postSolution
		{0EE337E2-33D9-4485-850E-4DE0E8AF998A}.Debug|Any CPU.ActiveCfg = Debug|Any CPU
		{0EE337E2-33D9-4485-850E-4DE0E8AF998A}.Debug|Any CPU.Build.0 = Debug|Any CPU
		{0EE337E2-33D9-4485-850E-4DE0E8AF998A}.Release|Any CPU.ActiveCfg = Release|Any CPU
		{0EE337E2-33D9-4485-850E-4DE0E8AF998A}.Release|Any CPU.Build.0 = Release|Any CPU
		{5FA7FE4F-F106-4E6B-B5BC-6E111B832431}.Debug|Any CPU.ActiveCfg = Debug|Any CPU
		{5FA7FE4F-F106-4E6B-B5BC-6E111B832431}.Debug|Any CPU.Build.0 = Debug|Any CPU
		{5FA7FE4F-F106-4E6B-B5BC-6E111B832431}.Release|Any CPU.ActiveCfg = Release|Any CPU
		{5FA7FE4F-F106-4E6B-B5BC-6E111B832431}.Release|Any CPU.Build.0 = Release|Any CPU
		{73FC9122-728C-4D75-A9BF-159765183338}.Debug|Any CPU.ActiveCfg = Debug|Any CPU
		{73FC9122-728C-4D75-A9BF-159765183338}.Debug|Any CPU.Build.0 = Debug|Any CPU
		{73FC9122-728C-4D75-A9BF-159765183338}.Release|Any CPU.ActiveCfg = Release|Any CPU
		{73FC9122-728C-4D75-A9BF-159765183338}.Release|Any CPU.Build.0 = Release|Any CPU
	EndGlobalSection
	GlobalSection(SolutionProperties) = preSolution
		HideSolutionNode = FALSE
	EndGlobalSection
	GlobalSection(ExtensibilityGlobals) = postSolution
		SolutionGuid = {0FC2FC5A-9283-4D08-97F6-94957EC3273E}
	EndGlobalSection
EndGlobal
